
Microsoft Visual Studio Solution File, Format Version 12.00
Project("{FAE04EC0-301F-11D3-BF4B-00C04F79EFBC}") = "TRENZ.Lib.RazorMail.Core", "TRENZ.Lib.RazorMail.Core\TRENZ.Lib.RazorMail.Core.csproj", "{DEA0A5B5-6714-441D-9A9F-CD0DF2221DAF}"
EndProject
Project("{2150E333-8FDC-42A3-9474-1A3956D46DE8}") = "Solution Files", "Solution Files", "{7D436ED8-6498-4D5F-991C-C7CFD90242CA}"
	ProjectSection(SolutionItems) = preProject
		.editorconfig = .editorconfig
		Directory.Build.props = Directory.Build.props
		README.md = README.md
		docker-compose.yml = docker-compose.yml
	EndProjectSection
EndProject
Project("{FAE04EC0-301F-11D3-BF4B-00C04F79EFBC}") = "TRENZ.Lib.RazorMail.SampleWebApi", "TRENZ.Lib.RazorMail.SampleWebApi\TRENZ.Lib.RazorMail.SampleWebApi.csproj", "{3B4E6149-BD59-48A5-A4A5-68293CE9FD71}"
EndProject
Project("{FAE04EC0-301F-11D3-BF4B-00C04F79EFBC}") = "TRENZ.Lib.RazorMail.System.Net", "TRENZ.Lib.RazorMail.System.Net\TRENZ.Lib.RazorMail.System.Net.csproj", "{340DCC60-40BF-47E9-B8C3-D007DF2C4128}"
EndProject
Project("{FAE04EC0-301F-11D3-BF4B-00C04F79EFBC}") = "TRENZ.Lib.RazorMail.MailKit", "TRENZ.Lib.RazorMail.MailKit\TRENZ.Lib.RazorMail.MailKit.csproj", "{8F5F2E31-8A89-424A-B024-401905E2531D}"
EndProject
Project("{FAE04EC0-301F-11D3-BF4B-00C04F79EFBC}") = "TRENZ.Lib.RazorMail.Tests", "TRENZ.Lib.RazorMail.Tests\TRENZ.Lib.RazorMail.Tests.csproj", "{819186AF-5970-4666-8403-629D44D05A8E}"
EndProject
Project("{2150E333-8FDC-42A3-9474-1A3956D46DE8}") = ".github", ".github", "{1997B470-00FA-4FC6-B3CF-644732D01017}"
EndProject
Project("{2150E333-8FDC-42A3-9474-1A3956D46DE8}") = "workflows", "workflows", "{9D4EAE01-D456-4958-9BAD-451D46C6485E}"
	ProjectSection(SolutionItems) = preProject
		.github\workflows\dotnet.yml = .github\workflows\dotnet.yml
	EndProjectSection
EndProject
Global
	GlobalSection(SolutionConfigurationPlatforms) = preSolution
		Debug|Any CPU = Debug|Any CPU
		Release|Any CPU = Release|Any CPU
	EndGlobalSection
	GlobalSection(ProjectConfigurationPlatforms) = postSolution
		{DEA0A5B5-6714-441D-9A9F-CD0DF2221DAF}.Debug|Any CPU.ActiveCfg = Debug|Any CPU
		{DEA0A5B5-6714-441D-9A9F-CD0DF2221DAF}.Debug|Any CPU.Build.0 = Debug|Any CPU
		{DEA0A5B5-6714-441D-9A9F-CD0DF2221DAF}.Release|Any CPU.ActiveCfg = Release|Any CPU
		{DEA0A5B5-6714-441D-9A9F-CD0DF2221DAF}.Release|Any CPU.Build.0 = Release|Any CPU
		{3B4E6149-BD59-48A5-A4A5-68293CE9FD71}.Debug|Any CPU.ActiveCfg = Debug|Any CPU
		{3B4E6149-BD59-48A5-A4A5-68293CE9FD71}.Debug|Any CPU.Build.0 = Debug|Any CPU
		{3B4E6149-BD59-48A5-A4A5-68293CE9FD71}.Release|Any CPU.ActiveCfg = Release|Any CPU
		{3B4E6149-BD59-48A5-A4A5-68293CE9FD71}.Release|Any CPU.Build.0 = Release|Any CPU
		{340DCC60-40BF-47E9-B8C3-D007DF2C4128}.Debug|Any CPU.ActiveCfg = Debug|Any CPU
		{340DCC60-40BF-47E9-B8C3-D007DF2C4128}.Debug|Any CPU.Build.0 = Debug|Any CPU
		{340DCC60-40BF-47E9-B8C3-D007DF2C4128}.Release|Any CPU.ActiveCfg = Release|Any CPU
		{340DCC60-40BF-47E9-B8C3-D007DF2C4128}.Release|Any CPU.Build.0 = Release|Any CPU
		{8F5F2E31-8A89-424A-B024-401905E2531D}.Debug|Any CPU.ActiveCfg = Debug|Any CPU
		{8F5F2E31-8A89-424A-B024-401905E2531D}.Debug|Any CPU.Build.0 = Debug|Any CPU
		{8F5F2E31-8A89-424A-B024-401905E2531D}.Release|Any CPU.ActiveCfg = Release|Any CPU
		{8F5F2E31-8A89-424A-B024-401905E2531D}.Release|Any CPU.Build.0 = Release|Any CPU
		{819186AF-5970-4666-8403-629D44D05A8E}.Debug|Any CPU.ActiveCfg = Debug|Any CPU
		{819186AF-5970-4666-8403-629D44D05A8E}.Debug|Any CPU.Build.0 = Debug|Any CPU
		{819186AF-5970-4666-8403-629D44D05A8E}.Release|Any CPU.ActiveCfg = Release|Any CPU
		{819186AF-5970-4666-8403-629D44D05A8E}.Release|Any CPU.Build.0 = Release|Any CPU
	EndGlobalSection
	GlobalSection(NestedProjects) = preSolution
		{1997B470-00FA-4FC6-B3CF-644732D01017} = {7D436ED8-6498-4D5F-991C-C7CFD90242CA}
		{9D4EAE01-D456-4958-9BAD-451D46C6485E} = {1997B470-00FA-4FC6-B3CF-644732D01017}
	EndGlobalSection
EndGlobal
